// !$*UTF8*$!
{
	archiveVersion = 1;
	classes = {
	};
	objectVersion = 55;
	objects = {

/* Begin PBXBuildFile section */
		F33B632E281AC5C600ECE659 /* AppDelegate.swift in Sources */ = {isa = PBXBuildFile; fileRef = F33B632D281AC5C600ECE659 /* AppDelegate.swift */; };
		F33B6330281AC5C600ECE659 /* SceneDelegate.swift in Sources */ = {isa = PBXBuildFile; fileRef = F33B632F281AC5C600ECE659 /* SceneDelegate.swift */; };
		F33B6332281AC5C600ECE659 /* ViewController.swift in Sources */ = {isa = PBXBuildFile; fileRef = F33B6331281AC5C600ECE659 /* ViewController.swift */; };
		F33B6335281AC5C600ECE659 /* Main.storyboard in Resources */ = {isa = PBXBuildFile; fileRef = F33B6333281AC5C600ECE659 /* Main.storyboard */; };
		F33B6337281AC5C700ECE659 /* Assets.xcassets in Resources */ = {isa = PBXBuildFile; fileRef = F33B6336281AC5C700ECE659 /* Assets.xcassets */; };
		F33B633A281AC5C700ECE659 /* LaunchScreen.storyboard in Resources */ = {isa = PBXBuildFile; fileRef = F33B6338281AC5C700ECE659 /* LaunchScreen.storyboard */; };
		F33B6342281AC7B200ECE659 /* LogOutViewController.swift in Sources */ = {isa = PBXBuildFile; fileRef = F33B6341281AC7B200ECE659 /* LogOutViewController.swift */; };
		F33B6344281AC7CD00ECE659 /* UserInfoViewController.swift in Sources */ = {isa = PBXBuildFile; fileRef = F33B6343281AC7CD00ECE659 /* UserInfoViewController.swift */; };
		F33B6346281AC7DD00ECE659 /* PhotoUserViewController.swift in Sources */ = {isa = PBXBuildFile; fileRef = F33B6345281AC7DD00ECE659 /* PhotoUserViewController.swift */; };
		F33B6348281AC7EB00ECE659 /* Model.swift in Sources */ = {isa = PBXBuildFile; fileRef = F33B6347281AC7EB00ECE659 /* Model.swift */; };
/* End PBXBuildFile section */

/* Begin PBXFileReference section */
		F33B632A281AC5C600ECE659 /* ProfileLogInApp.app */ = {isa = PBXFileReference; explicitFileType = wrapper.application; includeInIndex = 0; path = ProfileLogInApp.app; sourceTree = BUILT_PRODUCTS_DIR; };
		F33B632D281AC5C600ECE659 /* AppDelegate.swift */ = {isa = PBXFileReference; lastKnownFileType = sourcecode.swift; path = AppDelegate.swift; sourceTree = "<group>"; };
		F33B632F281AC5C600ECE659 /* SceneDelegate.swift */ = {isa = PBXFileReference; lastKnownFileType = sourcecode.swift; path = SceneDelegate.swift; sourceTree = "<group>"; };
		F33B6331281AC5C600ECE659 /* ViewController.swift */ = {isa = PBXFileReference; lastKnownFileType = sourcecode.swift; path = ViewController.swift; sourceTree = "<group>"; };
		F33B6334281AC5C600ECE659 /* Base */ = {isa = PBXFileReference; lastKnownFileType = file.storyboard; name = Base; path = Base.lproj/Main.storyboard; sourceTree = "<group>"; };
		F33B6336281AC5C700ECE659 /* Assets.xcassets */ = {isa = PBXFileReference; lastKnownFileType = folder.assetcatalog; path = Assets.xcassets; sourceTree = "<group>"; };
		F33B6339281AC5C700ECE659 /* Base */ = {isa = PBXFileReference; lastKnownFileType = file.storyboard; name = Base; path = Base.lproj/LaunchScreen.storyboard; sourceTree = "<group>"; };
		F33B633B281AC5C700ECE659 /* Info.plist */ = {isa = PBXFileReference; lastKnownFileType = text.plist.xml; path = Info.plist; sourceTree = "<group>"; };
		F33B6341281AC7B200ECE659 /* LogOutViewController.swift */ = {isa = PBXFileReference; lastKnownFileType = sourcecode.swift; path = LogOutViewController.swift; sourceTree = "<group>"; };
		F33B6343281AC7CD00ECE659 /* UserInfoViewController.swift */ = {isa = PBXFileReference; lastKnownFileType = sourcecode.swift; path = UserInfoViewController.swift; sourceTree = "<group>"; };
		F33B6345281AC7DD00ECE659 /* PhotoUserViewController.swift */ = {isa = PBXFileReference; lastKnownFileType = sourcecode.swift; path = PhotoUserViewController.swift; sourceTree = "<group>"; };
		F33B6347281AC7EB00ECE659 /* Model.swift */ = {isa = PBXFileReference; lastKnownFileType = sourcecode.swift; path = Model.swift; sourceTree = "<group>"; };
/* End PBXFileReference section */

/* Begin PBXFrameworksBuildPhase section */
		F33B6327281AC5C600ECE659 /* Frameworks */ = {
			isa = PBXFrameworksBuildPhase;
			buildActionMask = 2147483647;
			files = (
			);
			runOnlyForDeploymentPostprocessing = 0;
		};
/* End PBXFrameworksBuildPhase section */

/* Begin PBXGroup section */
		F33B6321281AC5C600ECE659 = {
			isa = PBXGroup;
			children = (
				F33B632C281AC5C600ECE659 /* ProfileLogInApp */,
				F33B632B281AC5C600ECE659 /* Products */,
			);
			sourceTree = "<group>";
		};
		F33B632B281AC5C600ECE659 /* Products */ = {
			isa = PBXGroup;
			children = (
				F33B632A281AC5C600ECE659 /* ProfileLogInApp.app */,
			);
			name = Products;
			sourceTree = "<group>";
		};
		F33B632C281AC5C600ECE659 /* ProfileLogInApp */ = {
			isa = PBXGroup;
			children = (
				F33B632D281AC5C600ECE659 /* AppDelegate.swift */,
				F33B632F281AC5C600ECE659 /* SceneDelegate.swift */,
				F33B6331281AC5C600ECE659 /* ViewController.swift */,
				F33B6333281AC5C600ECE659 /* Main.storyboard */,
				F33B6341281AC7B200ECE659 /* LogOutViewController.swift */,
				F33B6343281AC7CD00ECE659 /* UserInfoViewController.swift */,
				F33B6345281AC7DD00ECE659 /* PhotoUserViewController.swift */,
				F33B6347281AC7EB00ECE659 /* Model.swift */,
				F33B6336281AC5C700ECE659 /* Assets.xcassets */,
				F33B6338281AC5C700ECE659 /* LaunchScreen.storyboard */,
				F33B633B281AC5C700ECE659 /* Info.plist */,
			);
			path = ProfileLogInApp;
			sourceTree = "<group>";
		};
/* End PBXGroup section */

/* Begin PBXNativeTarget section */
		F33B6329281AC5C600ECE659 /* ProfileLogInApp */ = {
			isa = PBXNativeTarget;
			buildConfigurationList = F33B633E281AC5C700ECE659 /* Build configuration list for PBXNativeTarget "ProfileLogInApp" */;
			buildPhases = (
				F33B6326281AC5C600ECE659 /* Sources */,
				F33B6327281AC5C600ECE659 /* Frameworks */,
				F33B6328281AC5C600ECE659 /* Resources */,
			);
			buildRules = (
			);
			dependencies = (
			);
			name = ProfileLogInApp;
			productName = ProfileLogInApp;
			productReference = F33B632A281AC5C600ECE659 /* ProfileLogInApp.app */;
			productType = "com.apple.product-type.application";
		};
/* End PBXNativeTarget section */

/* Begin PBXProject section */
		F33B6322281AC5C600ECE659 /* Project object */ = {
			isa = PBXProject;
			attributes = {
				BuildIndependentTargetsInParallel = 1;
				LastSwiftUpdateCheck = 1330;
				LastUpgradeCheck = 1330;
				TargetAttributes = {
					F33B6329281AC5C600ECE659 = {
						CreatedOnToolsVersion = 13.3.1;
					};
				};
			};
			buildConfigurationList = F33B6325281AC5C600ECE659 /* Build configuration list for PBXProject "ProfileLogInApp" */;
			compatibilityVersion = "Xcode 13.0";
			developmentRegion = en;
			hasScannedForEncodings = 0;
			knownRegions = (
				en,
				Base,
			);
			mainGroup = F33B6321281AC5C600ECE659;
			productRefGroup = F33B632B281AC5C600ECE659 /* Products */;
			projectDirPath = "";
			projectRoot = "";
			targets = (
				F33B6329281AC5C600ECE659 /* ProfileLogInApp */,
			);
		};
/* End PBXProject section */

/* Begin PBXResourcesBuildPhase section */
		F33B6328281AC5C600ECE659 /* Resources */ = {
			isa = PBXResourcesBuildPhase;
			buildActionMask = 2147483647;
			files = (
				F33B633A281AC5C700ECE659 /* LaunchScreen.storyboard in Resources */,
				F33B6337281AC5C700ECE659 /* Assets.xcassets in Resources */,
				F33B6335281AC5C600ECE659 /* Main.storyboard in Resources */,
			);
			runOnlyForDeploymentPostprocessing = 0;
		};
/* End PBXResourcesBuildPhase section */

/* Begin PBXSourcesBuildPhase section */
		F33B6326281AC5C600ECE659 /* Sources */ = {
			isa = PBXSourcesBuildPhase;
			buildActionMask = 2147483647;
			files = (
				F33B6348281AC7EB00ECE659 /* Model.swift in Sources */,
				F33B6346281AC7DD00ECE659 /* PhotoUserViewController.swift in Sources */,
				F33B6332281AC5C600ECE659 /* ViewController.swift in Sources */,
				F33B632E281AC5C600ECE659 /* AppDelegate.swift in Sources */,
				F33B6344281AC7CD00ECE659 /* UserInfoViewController.swift in Sources */,
				F33B6342281AC7B200ECE659 /* LogOutViewController.swift in Sources */,
				F33B6330281AC5C600ECE659 /* SceneDelegate.swift in Sources */,
			);
			runOnlyForDeploymentPostprocessing = 0;
		};
/* End PBXSourcesBuildPhase section */

/* Begin PBXVariantGroup section */
		F33B6333281AC5C600ECE659 /* Main.storyboard */ = {
			isa = PBXVariantGroup;
			children = (
				F33B6334281AC5C600ECE659 /* Base */,
			);
			name = Main.storyboard;
			sourceTree = "<group>";
		};
		F33B6338281AC5C700ECE659 /* LaunchScreen.storyboard */ = {
			isa = PBXVariantGroup;
			children = (
				F33B6339281AC5C700ECE659 /* Base */,
			);
			name = LaunchScreen.storyboard;
			sourceTree = "<group>";
		};
/* End PBXVariantGroup section */

/* Begin XCBuildConfiguration section */
		F33B633C281AC5C700ECE659 /* Debug */ = {
			isa = XCBuildConfiguration;
			buildSettings = {
				ALWAYS_SEARCH_USER_PATHS = NO;
				CLANG_ANALYZER_NONNULL = YES;
				CLANG_ANALYZER_NUMBER_OBJECT_CONVERSION = YES_AGGRESSIVE;
				CLANG_CXX_LANGUAGE_STANDARD = "gnu++17";
				CLANG_ENABLE_MODULES = YES;
				CLANG_ENABLE_OBJC_ARC = YES;
				CLANG_ENABLE_OBJC_WEAK = YES;
				CLANG_WARN_BLOCK_CAPTURE_AUTORELEASING = YES;
				CLANG_WARN_BOOL_CONVERSION = YES;
				CLANG_WARN_COMMA = YES;
				CLANG_WARN_CONSTANT_CONVERSION = YES;
				CLANG_WARN_DEPRECATED_OBJC_IMPLEMENTATIONS = YES;
				CLANG_WARN_DIRECT_OBJC_ISA_USAGE = YES_ERROR;
				CLANG_WARN_DOCUMENTATION_COMMENTS = YES;
				CLANG_WARN_EMPTY_BODY = YES;
				CLANG_WARN_ENUM_CONVERSION = YES;
				CLANG_WARN_INFINITE_RECURSION = YES;
				CLANG_WARN_INT_CONVERSION = YES;
				CLANG_WARN_NON_LITERAL_NULL_CONVERSION = YES;
				CLANG_WARN_OBJC_IMPLICIT_RETAIN_SELF = YES;
				CLANG_WARN_OBJC_LITERAL_CONVERSION = YES;
				CLANG_WARN_OBJC_ROOT_CLASS = YES_ERROR;
				CLANG_WARN_QUOTED_INCLUDE_IN_FRAMEWORK_HEADER = YES;
				CLANG_WARN_RANGE_LOOP_ANALYSIS = YES;
				CLANG_WARN_STRICT_PROTOTYPES = YES;
				CLANG_WARN_SUSPICIOUS_MOVE = YES;
				CLANG_WARN_UNGUARDED_AVAILABILITY = YES_AGGRESSIVE;
				CLANG_WARN_UNREACHABLE_CODE = YES;
				CLANG_WARN__DUPLICATE_METHOD_MATCH = YES;
				COPY_PHASE_STRIP = NO;
				DEBUG_INFORMATION_FORMAT = dwarf;
				ENABLE_STRICT_OBJC_MSGSEND = YES;
				ENABLE_TESTABILITY = YES;
				GCC_C_LANGUAGE_STANDARD = gnu11;
				GCC_DYNAMIC_NO_PIC = NO;
				GCC_NO_COMMON_BLOCKS = YES;
				GCC_OPTIMIZATION_LEVEL = 0;
				GCC_PREPROCESSOR_DEFINITIONS = (
					"DEBUG=1",
					"$(inherited)",
				);
				GCC_WARN_64_TO_32_BIT_CONVERSION = YES;
				GCC_WARN_ABOUT_RETURN_TYPE = YES_ERROR;
				GCC_WARN_UNDECLARED_SELECTOR = YES;
				GCC_WARN_UNINITIALIZED_AUTOS = YES_AGGRESSIVE;
				GCC_WARN_UNUSED_FUNCTION = YES;
				GCC_WARN_UNUSED_VARIABLE = YES;
				IPHONEOS_DEPLOYMENT_TARGET = 15.4;
				MTL_ENABLE_DEBUG_INFO = INCLUDE_SOURCE;
				MTL_FAST_MATH = YES;
				ONLY_ACTIVE_ARCH = YES;
				SDKROOT = iphoneos;
				SWIFT_ACTIVE_COMPILATION_CONDITIONS = DEBUG;
				SWIFT_OPTIMIZATION_LEVEL = "-Onone";
			};
			name = Debug;
		};
		F33B633D281AC5C700ECE659 /* Release */ = {
			isa = XCBuildConfiguration;
			buildSettings = {
				ALWAYS_SEARCH_USER_PATHS = NO;
				CLANG_ANALYZER_NONNULL = YES;
				CLANG_ANALYZER_NUMBER_OBJECT_CONVERSION = YES_AGGRESSIVE;
				CLANG_CXX_LANGUAGE_STANDARD = "gnu++17";
				CLANG_ENABLE_MODULES = YES;
				CLANG_ENABLE_OBJC_ARC = YES;
				CLANG_ENABLE_OBJC_WEAK = YES;
				CLANG_WARN_BLOCK_CAPTURE_AUTORELEASING = YES;
				CLANG_WARN_BOOL_CONVERSION = YES;
				CLANG_WARN_COMMA = YES;
				CLANG_WARN_CONSTANT_CONVERSION = YES;
				CLANG_WARN_DEPRECATED_OBJC_IMPLEMENTATIONS = YES;
				CLANG_WARN_DIRECT_OBJC_ISA_USAGE = YES_ERROR;
				CLANG_WARN_DOCUMENTATION_COMMENTS = YES;
				CLANG_WARN_EMPTY_BODY = YES;
				CLANG_WARN_ENUM_CONVERSION = YES;
				CLANG_WARN_INFINITE_RECURSION = YES;
				CLANG_WARN_INT_CONVERSION = YES;
				CLANG_WARN_NON_LITERAL_NULL_CONVERSION = YES;
				CLANG_WARN_OBJC_IMPLICIT_RETAIN_SELF = YES;
				CLANG_WARN_OBJC_LITERAL_CONVERSION = YES;
				CLANG_WARN_OBJC_ROOT_CLASS = YES_ERROR;
				CLANG_WARN_QUOTED_INCLUDE_IN_FRAMEWORK_HEADER = YES;
				CLANG_WARN_RANGE_LOOP_ANALYSIS = YES;
				CLANG_WARN_STRICT_PROTOTYPES = YES;
				CLANG_WARN_SUSPICIOUS_MOVE = YES;
				CLANG_WARN_UNGUARDED_AVAILABILITY = YES_AGGRESSIVE;
				CLANG_WARN_UNREACHABLE_CODE = YES;
				CLANG_WARN__DUPLICATE_METHOD_MATCH = YES;
				COPY_PHASE_STRIP = NO;
				DEBUG_INFORMATION_FORMAT = "dwarf-with-dsym";
				ENABLE_NS_ASSERTIONS = NO;
				ENABLE_STRICT_OBJC_MSGSEND = YES;
				GCC_C_LANGUAGE_STANDARD = gnu11;
				GCC_NO_COMMON_BLOCKS = YES;
				GCC_WARN_64_TO_32_BIT_CONVERSION = YES;
				GCC_WARN_ABOUT_RETURN_TYPE = YES_ERROR;
				GCC_WARN_UNDECLARED_SELECTOR = YES;
				GCC_WARN_UNINITIALIZED_AUTOS = YES_AGGRESSIVE;
				GCC_WARN_UNUSED_FUNCTION = YES;
				GCC_WARN_UNUSED_VARIABLE = YES;
				IPHONEOS_DEPLOYMENT_TARGET = 15.4;
				MTL_ENABLE_DEBUG_INFO = NO;
				MTL_FAST_MATH = YES;
				SDKROOT = iphoneos;
				SWIFT_COMPILATION_MODE = wholemodule;
				SWIFT_OPTIMIZATION_LEVEL = "-O";
				VALIDATE_PRODUCT = YES;
			};
			name = Release;
		};
		F33B633F281AC5C700ECE659 /* Debug */ = {
			isa = XCBuildConfiguration;
			buildSettings = {
				ASSETCATALOG_COMPILER_APPICON_NAME = AppIcon;
				ASSETCATALOG_COMPILER_GLOBAL_ACCENT_COLOR_NAME = AccentColor;
				CODE_SIGN_STYLE = Automatic;
				CURRENT_PROJECT_VERSION = 1;
				DEVELOPMENT_TEAM = NPAYPRDTKS;
				GENERATE_INFOPLIST_FILE = YES;
				INFOPLIST_FILE = ProfileLogInApp/Info.plist;
				INFOPLIST_KEY_UIApplicationSupportsIndirectInputEvents = YES;
				INFOPLIST_KEY_UILaunchStoryboardName = LaunchScreen;
				INFOPLIST_KEY_UIMainStoryboardFile = Main;
				INFOPLIST_KEY_UISupportedInterfaceOrientations_iPad = "UIInterfaceOrientationPortrait UIInterfaceOrientationPortraitUpsideDown UIInterfaceOrientationLandscapeLeft UIInterfaceOrientationLandscapeRight";
				INFOPLIST_KEY_UISupportedInterfaceOrientations_iPhone = "UIInterfaceOrientationPortrait UIInterfaceOrientationLandscapeLeft UIInterfaceOrientationLandscapeRight";
				LD_RUNPATH_SEARCH_PATHS = (
					"$(inherited)",
					"@executable_path/Frameworks",
				);
				MARKETING_VERSION = 1.0;
				PRODUCT_BUNDLE_IDENTIFIER = SakhbievArtur.ProfileLogInApp;
				PRODUCT_NAME = "$(TARGET_NAME)";
				SWIFT_EMIT_LOC_STRINGS = YES;
				SWIFT_VERSION = 5.0;
				TARGETED_DEVICE_FAMILY = "1,2";
			};
			name = Debug;
		};
		F33B6340281AC5C700ECE659 /* Release */ = {
			isa = XCBuildConfiguration;
			buildSettings = {
				ASSETCATALOG_COMPILER_APPICON_NAME = AppIcon;
				ASSETCATALOG_COMPILER_GLOBAL_ACCENT_COLOR_NAME = AccentColor;
				CODE_SIGN_STYLE = Automatic;
				CURRENT_PROJECT_VERSION = 1;
				DEVELOPMENT_TEAM = NPAYPRDTKS;
				GENERATE_INFOPLIST_FILE = YES;
				INFOPLIST_FILE = ProfileLogInApp/Info.plist;
				INFOPLIST_KEY_UIApplicationSupportsIndirectInputEvents = YES;
				INFOPLIST_KEY_UILaunchStoryboardName = LaunchScreen;
				INFOPLIST_KEY_UIMainStoryboardFile = Main;
				INFOPLIST_KEY_UISupportedInterfaceOrientations_iPad = "UIInterfaceOrientationPortrait UIInterfaceOrientationPortraitUpsideDown UIInterfaceOrientationLandscapeLeft UIInterfaceOrientationLandscapeRight";
				INFOPLIST_KEY_UISupportedInterfaceOrientations_iPhone = "UIInterfaceOrientationPortrait UIInterfaceOrientationLandscapeLeft UIInterfaceOrientationLandscapeRight";
				LD_RUNPATH_SEARCH_PATHS = (
					"$(inherited)",
					"@executable_path/Frameworks",
				);
				MARKETING_VERSION = 1.0;
				PRODUCT_BUNDLE_IDENTIFIER = SakhbievArtur.ProfileLogInApp;
				PRODUCT_NAME = "$(TARGET_NAME)";
				SWIFT_EMIT_LOC_STRINGS = YES;
				SWIFT_VERSION = 5.0;
				TARGETED_DEVICE_FAMILY = "1,2";
			};
			name = Release;
		};
/* End XCBuildConfiguration section */

/* Begin XCConfigurationList section */
		F33B6325281AC5C600ECE659 /* Build configuration list for PBXProject "ProfileLogInApp" */ = {
			isa = XCConfigurationList;
			buildConfigurations = (
				F33B633C281AC5C700ECE659 /* Debug */,
				F33B633D281AC5C700ECE659 /* Release */,
			);
			defaultConfigurationIsVisible = 0;
			defaultConfigurationName = Release;
		};
		F33B633E281AC5C700ECE659 /* Build configuration list for PBXNativeTarget "ProfileLogInApp" */ = {
			isa = XCConfigurationList;
			buildConfigurations = (
				F33B633F281AC5C700ECE659 /* Debug */,
				F33B6340281AC5C700ECE659 /* Release */,
			);
			defaultConfigurationIsVisible = 0;
			defaultConfigurationName = Release;
		};
/* End XCConfigurationList section */
	};
	rootObject = F33B6322281AC5C600ECE659 /* Project object */;
}
